// !$*UTF8*$!
{
	archiveVersion = 1;
	classes = {
	};
	objectVersion = 46;
	objects = {

/* Begin PBXBuildFile section */
		E2D5D8BC1BE7A76E00089DF7 /* main.m in Sources */ = {isa = PBXBuildFile; fileRef = E2D5D8BB1BE7A76E00089DF7 /* main.m */; };
		E2D5D8BF1BE7A76E00089DF7 /* AppDelegate.m in Sources */ = {isa = PBXBuildFile; fileRef = E2D5D8BE1BE7A76E00089DF7 /* AppDelegate.m */; };
		E2D5D8C21BE7A76E00089DF7 /* ViewController.m in Sources */ = {isa = PBXBuildFile; fileRef = E2D5D8C11BE7A76E00089DF7 /* ViewController.m */; };
		E2D5D8C51BE7A76E00089DF7 /* Main.storyboard in Resources */ = {isa = PBXBuildFile; fileRef = E2D5D8C31BE7A76E00089DF7 /* Main.storyboard */; };
		E2D5D8C71BE7A76E00089DF7 /* Assets.xcassets in Resources */ = {isa = PBXBuildFile; fileRef = E2D5D8C61BE7A76E00089DF7 /* Assets.xcassets */; };
		E2D5D8CA1BE7A76E00089DF7 /* LaunchScreen.storyboard in Resources */ = {isa = PBXBuildFile; fileRef = E2D5D8C81BE7A76E00089DF7 /* LaunchScreen.storyboard */; };
		E2D5D8D51BE7A76F00089DF7 /* BezierPathsTests.m in Sources */ = {isa = PBXBuildFile; fileRef = E2D5D8D41BE7A76F00089DF7 /* BezierPathsTests.m */; };
		E2D5D8E01BE7A76F00089DF7 /* BezierPathsUITests.m in Sources */ = {isa = PBXBuildFile; fileRef = E2D5D8DF1BE7A76F00089DF7 /* BezierPathsUITests.m */; };
		E2EE2EA11BED4C6D00AF6DF0 /* CircleView.m in Sources */ = {isa = PBXBuildFile; fileRef = E2EE2EA01BED4C6D00AF6DF0 /* CircleView.m */; };
		E2EE2EA41BF1285D00AF6DF0 /* airplaneView.m in Sources */ = {isa = PBXBuildFile; fileRef = E2EE2EA31BF1285D00AF6DF0 /* airplaneView.m */; };
		E2EE2EA71BF1350400AF6DF0 /* secondCloudView.m in Sources */ = {isa = PBXBuildFile; fileRef = E2EE2EA61BF1350400AF6DF0 /* secondCloudView.m */; };
		EEF5C35197B32E2A39E04C2A /* libPods.a in Frameworks */ = {isa = PBXBuildFile; fileRef = A10F4BC0C1D114D8CFD8A386 /* libPods.a */; };
/* End PBXBuildFile section */

/* Begin PBXContainerItemProxy section */
		E2D5D8D11BE7A76F00089DF7 /* PBXContainerItemProxy */ = {
			isa = PBXContainerItemProxy;
			containerPortal = E2D5D8AF1BE7A76D00089DF7 /* Project object */;
			proxyType = 1;
			remoteGlobalIDString = E2D5D8B61BE7A76E00089DF7;
			remoteInfo = BezierPaths;
		};
		E2D5D8DC1BE7A76F00089DF7 /* PBXContainerItemProxy */ = {
			isa = PBXContainerItemProxy;
			containerPortal = E2D5D8AF1BE7A76D00089DF7 /* Project object */;
			proxyType = 1;
			remoteGlobalIDString = E2D5D8B61BE7A76E00089DF7;
			remoteInfo = BezierPaths;
		};
/* End PBXContainerItemProxy section */

/* Begin PBXFileReference section */
		925EA24E488D645F4EF1617D /* Pods.release.xcconfig */ = {isa = PBXFileReference; includeInIndex = 1; lastKnownFileType = text.xcconfig; name = Pods.release.xcconfig; path = "Pods/Target Support Files/Pods/Pods.release.xcconfig"; sourceTree = "<group>"; };
		A10F4BC0C1D114D8CFD8A386 /* libPods.a */ = {isa = PBXFileReference; explicitFileType = archive.ar; includeInIndex = 0; path = libPods.a; sourceTree = BUILT_PRODUCTS_DIR; };
		DE8703085AAFC3D294B8BAB3 /* Pods.debug.xcconfig */ = {isa = PBXFileReference; includeInIndex = 1; lastKnownFileType = text.xcconfig; name = Pods.debug.xcconfig; path = "Pods/Target Support Files/Pods/Pods.debug.xcconfig"; sourceTree = "<group>"; };
		E2D5D8B71BE7A76E00089DF7 /* BezierPaths.app */ = {isa = PBXFileReference; explicitFileType = wrapper.application; includeInIndex = 0; path = BezierPaths.app; sourceTree = BUILT_PRODUCTS_DIR; };
		E2D5D8BB1BE7A76E00089DF7 /* main.m */ = {isa = PBXFileReference; lastKnownFileType = sourcecode.c.objc; path = main.m; sourceTree = "<group>"; };
		E2D5D8BD1BE7A76E00089DF7 /* AppDelegate.h */ = {isa = PBXFileReference; lastKnownFileType = sourcecode.c.h; path = AppDelegate.h; sourceTree = "<group>"; };
		E2D5D8BE1BE7A76E00089DF7 /* AppDelegate.m */ = {isa = PBXFileReference; lastKnownFileType = sourcecode.c.objc; path = AppDelegate.m; sourceTree = "<group>"; };
		E2D5D8C01BE7A76E00089DF7 /* ViewController.h */ = {isa = PBXFileReference; lastKnownFileType = sourcecode.c.h; path = ViewController.h; sourceTree = "<group>"; };
		E2D5D8C11BE7A76E00089DF7 /* ViewController.m */ = {isa = PBXFileReference; lastKnownFileType = sourcecode.c.objc; path = ViewController.m; sourceTree = "<group>"; };
		E2D5D8C41BE7A76E00089DF7 /* Base */ = {isa = PBXFileReference; lastKnownFileType = file.storyboard; name = Base; path = Base.lproj/Main.storyboard; sourceTree = "<group>"; };
		E2D5D8C61BE7A76E00089DF7 /* Assets.xcassets */ = {isa = PBXFileReference; lastKnownFileType = folder.assetcatalog; path = Assets.xcassets; sourceTree = "<group>"; };
		E2D5D8C91BE7A76E00089DF7 /* Base */ = {isa = PBXFileReference; lastKnownFileType = file.storyboard; name = Base; path = Base.lproj/LaunchScreen.storyboard; sourceTree = "<group>"; };
		E2D5D8CB1BE7A76E00089DF7 /* Info.plist */ = {isa = PBXFileReference; lastKnownFileType = text.plist.xml; path = Info.plist; sourceTree = "<group>"; };
		E2D5D8D01BE7A76F00089DF7 /* BezierPathsTests.xctest */ = {isa = PBXFileReference; explicitFileType = wrapper.cfbundle; includeInIndex = 0; path = BezierPathsTests.xctest; sourceTree = BUILT_PRODUCTS_DIR; };
		E2D5D8D41BE7A76F00089DF7 /* BezierPathsTests.m */ = {isa = PBXFileReference; lastKnownFileType = sourcecode.c.objc; path = BezierPathsTests.m; sourceTree = "<group>"; };
		E2D5D8D61BE7A76F00089DF7 /* Info.plist */ = {isa = PBXFileReference; lastKnownFileType = text.plist.xml; path = Info.plist; sourceTree = "<group>"; };
		E2D5D8DB1BE7A76F00089DF7 /* BezierPathsUITests.xctest */ = {isa = PBXFileReference; explicitFileType = wrapper.cfbundle; includeInIndex = 0; path = BezierPathsUITests.xctest; sourceTree = BUILT_PRODUCTS_DIR; };
		E2D5D8DF1BE7A76F00089DF7 /* BezierPathsUITests.m */ = {isa = PBXFileReference; lastKnownFileType = sourcecode.c.objc; path = BezierPathsUITests.m; sourceTree = "<group>"; };
		E2D5D8E11BE7A76F00089DF7 /* Info.plist */ = {isa = PBXFileReference; lastKnownFileType = text.plist.xml; path = Info.plist; sourceTree = "<group>"; };
		E2EE2E9F1BED4C6D00AF6DF0 /* CircleView.h */ = {isa = PBXFileReference; fileEncoding = 4; lastKnownFileType = sourcecode.c.h; path = CircleView.h; sourceTree = "<group>"; };
		E2EE2EA01BED4C6D00AF6DF0 /* CircleView.m */ = {isa = PBXFileReference; fileEncoding = 4; lastKnownFileType = sourcecode.c.objc; path = CircleView.m; sourceTree = "<group>"; };
		E2EE2EA21BF1285D00AF6DF0 /* airplaneView.h */ = {isa = PBXFileReference; fileEncoding = 4; lastKnownFileType = sourcecode.c.h; path = airplaneView.h; sourceTree = "<group>"; };
		E2EE2EA31BF1285D00AF6DF0 /* airplaneView.m */ = {isa = PBXFileReference; fileEncoding = 4; lastKnownFileType = sourcecode.c.objc; path = airplaneView.m; sourceTree = "<group>"; };
		E2EE2EA51BF1350400AF6DF0 /* secondCloudView.h */ = {isa = PBXFileReference; fileEncoding = 4; lastKnownFileType = sourcecode.c.h; path = secondCloudView.h; sourceTree = "<group>"; };
		E2EE2EA61BF1350400AF6DF0 /* secondCloudView.m */ = {isa = PBXFileReference; fileEncoding = 4; lastKnownFileType = sourcecode.c.objc; path = secondCloudView.m; sourceTree = "<group>"; };
/* End PBXFileReference section */

/* Begin PBXFrameworksBuildPhase section */
		E2D5D8B41BE7A76E00089DF7 /* Frameworks */ = {
			isa = PBXFrameworksBuildPhase;
			buildActionMask = 2147483647;
			files = (
				EEF5C35197B32E2A39E04C2A /* libPods.a in Frameworks */,
			);
			runOnlyForDeploymentPostprocessing = 0;
		};
		E2D5D8CD1BE7A76F00089DF7 /* Frameworks */ = {
			isa = PBXFrameworksBuildPhase;
			buildActionMask = 2147483647;
			files = (
			);
			runOnlyForDeploymentPostprocessing = 0;
		};
		E2D5D8D81BE7A76F00089DF7 /* Frameworks */ = {
			isa = PBXFrameworksBuildPhase;
			buildActionMask = 2147483647;
			files = (
			);
			runOnlyForDeploymentPostprocessing = 0;
		};
/* End PBXFrameworksBuildPhase section */

/* Begin PBXGroup section */
		4073C43B8951889AA7CDD644 /* Pods */ = {
			isa = PBXGroup;
			children = (
				DE8703085AAFC3D294B8BAB3 /* Pods.debug.xcconfig */,
				925EA24E488D645F4EF1617D /* Pods.release.xcconfig */,
			);
			name = Pods;
			sourceTree = "<group>";
		};
		6910A174CC8DC6AC7CF86A1E /* Frameworks */ = {
			isa = PBXGroup;
			children = (
				A10F4BC0C1D114D8CFD8A386 /* libPods.a */,
			);
			name = Frameworks;
			sourceTree = "<group>";
		};
		E2D5D8AE1BE7A76D00089DF7 = {
			isa = PBXGroup;
			children = (
				E2D5D8B91BE7A76E00089DF7 /* BezierPaths */,
				E2D5D8D31BE7A76F00089DF7 /* BezierPathsTests */,
				E2D5D8DE1BE7A76F00089DF7 /* BezierPathsUITests */,
				E2D5D8B81BE7A76E00089DF7 /* Products */,
				4073C43B8951889AA7CDD644 /* Pods */,
				6910A174CC8DC6AC7CF86A1E /* Frameworks */,
			);
			sourceTree = "<group>";
		};
		E2D5D8B81BE7A76E00089DF7 /* Products */ = {
			isa = PBXGroup;
			children = (
				E2D5D8B71BE7A76E00089DF7 /* BezierPaths.app */,
				E2D5D8D01BE7A76F00089DF7 /* BezierPathsTests.xctest */,
				E2D5D8DB1BE7A76F00089DF7 /* BezierPathsUITests.xctest */,
			);
			name = Products;
			sourceTree = "<group>";
		};
		E2D5D8B91BE7A76E00089DF7 /* BezierPaths */ = {
			isa = PBXGroup;
			children = (
				E2D5D8BD1BE7A76E00089DF7 /* AppDelegate.h */,
				E2D5D8BE1BE7A76E00089DF7 /* AppDelegate.m */,
				E2D5D8C01BE7A76E00089DF7 /* ViewController.h */,
				E2D5D8C11BE7A76E00089DF7 /* ViewController.m */,
				E2D5D8C31BE7A76E00089DF7 /* Main.storyboard */,
				E2D5D8C61BE7A76E00089DF7 /* Assets.xcassets */,
				E2D5D8C81BE7A76E00089DF7 /* LaunchScreen.storyboard */,
				E2D5D8CB1BE7A76E00089DF7 /* Info.plist */,
				E2D5D8BA1BE7A76E00089DF7 /* Supporting Files */,
				E2EE2E9F1BED4C6D00AF6DF0 /* CircleView.h */,
				E2EE2EA01BED4C6D00AF6DF0 /* CircleView.m */,
			);
			path = BezierPaths;
			sourceTree = "<group>";
		};
		E2D5D8BA1BE7A76E00089DF7 /* Supporting Files */ = {
			isa = PBXGroup;
			children = (
				E2EE2EA21BF1285D00AF6DF0 /* airplaneView.h */,
				E2EE2EA31BF1285D00AF6DF0 /* airplaneView.m */,
				E2D5D8BB1BE7A76E00089DF7 /* main.m */,
				E2EE2EA51BF1350400AF6DF0 /* secondCloudView.h */,
				E2EE2EA61BF1350400AF6DF0 /* secondCloudView.m */,
			);
			name = "Supporting Files";
			sourceTree = "<group>";
		};
		E2D5D8D31BE7A76F00089DF7 /* BezierPathsTests */ = {
			isa = PBXGroup;
			children = (
				E2D5D8D41BE7A76F00089DF7 /* BezierPathsTests.m */,
				E2D5D8D61BE7A76F00089DF7 /* Info.plist */,
			);
			path = BezierPathsTests;
			sourceTree = "<group>";
		};
		E2D5D8DE1BE7A76F00089DF7 /* BezierPathsUITests */ = {
			isa = PBXGroup;
			children = (
				E2D5D8DF1BE7A76F00089DF7 /* BezierPathsUITests.m */,
				E2D5D8E11BE7A76F00089DF7 /* Info.plist */,
			);
			path = BezierPathsUITests;
			sourceTree = "<group>";
		};
/* End PBXGroup section */

/* Begin PBXNativeTarget section */
		E2D5D8B61BE7A76E00089DF7 /* BezierPaths */ = {
			isa = PBXNativeTarget;
			buildConfigurationList = E2D5D8E41BE7A76F00089DF7 /* Build configuration list for PBXNativeTarget "BezierPaths" */;
			buildPhases = (
				594876DDE73939E75EB9261B /* Check Pods Manifest.lock */,
				E2D5D8B31BE7A76E00089DF7 /* Sources */,
				E2D5D8B41BE7A76E00089DF7 /* Frameworks */,
				E2D5D8B51BE7A76E00089DF7 /* Resources */,
				47EB02CC4244F5CE9E349BC8 /* Copy Pods Resources */,
			);
			buildRules = (
			);
			dependencies = (
			);
			name = BezierPaths;
			productName = BezierPaths;
			productReference = E2D5D8B71BE7A76E00089DF7 /* BezierPaths.app */;
			productType = "com.apple.product-type.application";
		};
		E2D5D8CF1BE7A76F00089DF7 /* BezierPathsTests */ = {
			isa = PBXNativeTarget;
			buildConfigurationList = E2D5D8E71BE7A76F00089DF7 /* Build configuration list for PBXNativeTarget "BezierPathsTests" */;
			buildPhases = (
				E2D5D8CC1BE7A76F00089DF7 /* Sources */,
				E2D5D8CD1BE7A76F00089DF7 /* Frameworks */,
				E2D5D8CE1BE7A76F00089DF7 /* Resources */,
			);
			buildRules = (
			);
			dependencies = (
				E2D5D8D21BE7A76F00089DF7 /* PBXTargetDependency */,
			);
			name = BezierPathsTests;
			productName = BezierPathsTests;
			productReference = E2D5D8D01BE7A76F00089DF7 /* BezierPathsTests.xctest */;
			productType = "com.apple.product-type.bundle.unit-test";
		};
		E2D5D8DA1BE7A76F00089DF7 /* BezierPathsUITests */ = {
			isa = PBXNativeTarget;
			buildConfigurationList = E2D5D8EA1BE7A76F00089DF7 /* Build configuration list for PBXNativeTarget "BezierPathsUITests" */;
			buildPhases = (
				E2D5D8D71BE7A76F00089DF7 /* Sources */,
				E2D5D8D81BE7A76F00089DF7 /* Frameworks */,
				E2D5D8D91BE7A76F00089DF7 /* Resources */,
			);
			buildRules = (
			);
			dependencies = (
				E2D5D8DD1BE7A76F00089DF7 /* PBXTargetDependency */,
			);
			name = BezierPathsUITests;
			productName = BezierPathsUITests;
			productReference = E2D5D8DB1BE7A76F00089DF7 /* BezierPathsUITests.xctest */;
			productType = "com.apple.product-type.bundle.ui-testing";
		};
/* End PBXNativeTarget section */

/* Begin PBXProject section */
		E2D5D8AF1BE7A76D00089DF7 /* Project object */ = {
			isa = PBXProject;
			attributes = {
				LastUpgradeCheck = 0710;
				ORGANIZATIONNAME = Davis;
				TargetAttributes = {
					E2D5D8B61BE7A76E00089DF7 = {
						CreatedOnToolsVersion = 7.1;
						DevelopmentTeam = GQ6DHHL68B;
					};
					E2D5D8CF1BE7A76F00089DF7 = {
						CreatedOnToolsVersion = 7.1;
						TestTargetID = E2D5D8B61BE7A76E00089DF7;
					};
					E2D5D8DA1BE7A76F00089DF7 = {
						CreatedOnToolsVersion = 7.1;
						TestTargetID = E2D5D8B61BE7A76E00089DF7;
					};
				};
			};
			buildConfigurationList = E2D5D8B21BE7A76E00089DF7 /* Build configuration list for PBXProject "BezierPaths" */;
			compatibilityVersion = "Xcode 3.2";
			developmentRegion = English;
			hasScannedForEncodings = 0;
			knownRegions = (
				en,
				Base,
			);
			mainGroup = E2D5D8AE1BE7A76D00089DF7;
			productRefGroup = E2D5D8B81BE7A76E00089DF7 /* Products */;
			projectDirPath = "";
			projectRoot = "";
			targets = (
				E2D5D8B61BE7A76E00089DF7 /* BezierPaths */,
				E2D5D8CF1BE7A76F00089DF7 /* BezierPathsTests */,
				E2D5D8DA1BE7A76F00089DF7 /* BezierPathsUITests */,
			);
		};
/* End PBXProject section */

/* Begin PBXResourcesBuildPhase section */
		E2D5D8B51BE7A76E00089DF7 /* Resources */ = {
			isa = PBXResourcesBuildPhase;
			buildActionMask = 2147483647;
			files = (
				E2D5D8CA1BE7A76E00089DF7 /* LaunchScreen.storyboard in Resources */,
				E2D5D8C71BE7A76E00089DF7 /* Assets.xcassets in Resources */,
				E2D5D8C51BE7A76E00089DF7 /* Main.storyboard in Resources */,
			);
			runOnlyForDeploymentPostprocessing = 0;
		};
		E2D5D8CE1BE7A76F00089DF7 /* Resources */ = {
			isa = PBXResourcesBuildPhase;
			buildActionMask = 2147483647;
			files = (
			);
			runOnlyForDeploymentPostprocessing = 0;
		};
		E2D5D8D91BE7A76F00089DF7 /* Resources */ = {
			isa = PBXResourcesBuildPhase;
			buildActionMask = 2147483647;
			files = (
			);
			runOnlyForDeploymentPostprocessing = 0;
		};
/* End PBXResourcesBuildPhase section */

/* Begin PBXShellScriptBuildPhase section */
		47EB02CC4244F5CE9E349BC8 /* Copy Pods Resources */ = {
			isa = PBXShellScriptBuildPhase;
			buildActionMask = 2147483647;
			files = (
			);
			inputPaths = (
			);
			name = "Copy Pods Resources";
			outputPaths = (
			);
			runOnlyForDeploymentPostprocessing = 0;
			shellPath = /bin/sh;
			shellScript = "\"${SRCROOT}/Pods/Target Support Files/Pods/Pods-resources.sh\"\n";
			showEnvVarsInLog = 0;
		};
		594876DDE73939E75EB9261B /* Check Pods Manifest.lock */ = {
			isa = PBXShellScriptBuildPhase;
			buildActionMask = 2147483647;
			files = (
			);
			inputPaths = (
			);
			name = "Check Pods Manifest.lock";
			outputPaths = (
			);
			runOnlyForDeploymentPostprocessing = 0;
			shellPath = /bin/sh;
			shellScript = "diff \"${PODS_ROOT}/../Podfile.lock\" \"${PODS_ROOT}/Manifest.lock\" > /dev/null\nif [[ $? != 0 ]] ; then\n    cat << EOM\nerror: The sandbox is not in sync with the Podfile.lock. Run 'pod install' or update your CocoaPods installation.\nEOM\n    exit 1\nfi\n";
			showEnvVarsInLog = 0;
		};
/* End PBXShellScriptBuildPhase section */

/* Begin PBXSourcesBuildPhase section */
		E2D5D8B31BE7A76E00089DF7 /* Sources */ = {
			isa = PBXSourcesBuildPhase;
			buildActionMask = 2147483647;
			files = (
				E2EE2EA71BF1350400AF6DF0 /* secondCloudView.m in Sources */,
				E2EE2EA11BED4C6D00AF6DF0 /* CircleView.m in Sources */,
				E2D5D8C21BE7A76E00089DF7 /* ViewController.m in Sources */,
				E2D5D8BF1BE7A76E00089DF7 /* AppDelegate.m in Sources */,
				E2EE2EA41BF1285D00AF6DF0 /* airplaneView.m in Sources */,
				E2D5D8BC1BE7A76E00089DF7 /* main.m in Sources */,
			);
			runOnlyForDeploymentPostprocessing = 0;
		};
		E2D5D8CC1BE7A76F00089DF7 /* Sources */ = {
			isa = PBXSourcesBuildPhase;
			buildActionMask = 2147483647;
			files = (
				E2D5D8D51BE7A76F00089DF7 /* BezierPathsTests.m in Sources */,
			);
			runOnlyForDeploymentPostprocessing = 0;
		};
		E2D5D8D71BE7A76F00089DF7 /* Sources */ = {
			isa = PBXSourcesBuildPhase;
			buildActionMask = 2147483647;
			files = (
				E2D5D8E01BE7A76F00089DF7 /* BezierPathsUITests.m in Sources */,
			);
			runOnlyForDeploymentPostprocessing = 0;
		};
/* End PBXSourcesBuildPhase section */

/* Begin PBXTargetDependency section */
		E2D5D8D21BE7A76F00089DF7 /* PBXTargetDependency */ = {
			isa = PBXTargetDependency;
			target = E2D5D8B61BE7A76E00089DF7 /* BezierPaths */;
			targetProxy = E2D5D8D11BE7A76F00089DF7 /* PBXContainerItemProxy */;
		};
		E2D5D8DD1BE7A76F00089DF7 /* PBXTargetDependency */ = {
			isa = PBXTargetDependency;
			target = E2D5D8B61BE7A76E00089DF7 /* BezierPaths */;
			targetProxy = E2D5D8DC1BE7A76F00089DF7 /* PBXContainerItemProxy */;
		};
/* End PBXTargetDependency section */

/* Begin PBXVariantGroup section */
		E2D5D8C31BE7A76E00089DF7 /* Main.storyboard */ = {
			isa = PBXVariantGroup;
			children = (
				E2D5D8C41BE7A76E00089DF7 /* Base */,
			);
			name = Main.storyboard;
			sourceTree = "<group>";
		};
		E2D5D8C81BE7A76E00089DF7 /* LaunchScreen.storyboard */ = {
			isa = PBXVariantGroup;
			children = (
				E2D5D8C91BE7A76E00089DF7 /* Base */,
			);
			name = LaunchScreen.storyboard;
			sourceTree = "<group>";
		};
/* End PBXVariantGroup section */

/* Begin XCBuildConfiguration section */
		E2D5D8E21BE7A76F00089DF7 /* Debug */ = {
			isa = XCBuildConfiguration;
			buildSettings = {
				ALWAYS_SEARCH_USER_PATHS = NO;
				CLANG_CXX_LANGUAGE_STANDARD = "gnu++0x";
				CLANG_CXX_LIBRARY = "libc++";
				CLANG_ENABLE_MODULES = YES;
				CLANG_ENABLE_OBJC_ARC = YES;
				CLANG_WARN_BOOL_CONVERSION = YES;
				CLANG_WARN_CONSTANT_CONVERSION = YES;
				CLANG_WARN_DIRECT_OBJC_ISA_USAGE = YES_ERROR;
				CLANG_WARN_EMPTY_BODY = YES;
				CLANG_WARN_ENUM_CONVERSION = YES;
				CLANG_WARN_INT_CONVERSION = YES;
				CLANG_WARN_OBJC_ROOT_CLASS = YES_ERROR;
				CLANG_WARN_UNREACHABLE_CODE = YES;
				CLANG_WARN__DUPLICATE_METHOD_MATCH = YES;
				"CODE_SIGN_IDENTITY[sdk=iphoneos*]" = "iPhone Developer";
				COPY_PHASE_STRIP = NO;
				DEBUG_INFORMATION_FORMAT = dwarf;
				ENABLE_STRICT_OBJC_MSGSEND = YES;
				ENABLE_TESTABILITY = YES;
				GCC_C_LANGUAGE_STANDARD = gnu99;
				GCC_DYNAMIC_NO_PIC = NO;
				GCC_NO_COMMON_BLOCKS = YES;
				GCC_OPTIMIZATION_LEVEL = 0;
				GCC_PREPROCESSOR_DEFINITIONS = (
					"DEBUG=1",
					"$(inherited)",
				);
				GCC_WARN_64_TO_32_BIT_CONVERSION = YES;
				GCC_WARN_ABOUT_RETURN_TYPE = YES_ERROR;
				GCC_WARN_UNDECLARED_SELECTOR = YES;
				GCC_WARN_UNINITIALIZED_AUTOS = YES_AGGRESSIVE;
				GCC_WARN_UNUSED_FUNCTION = YES;
				GCC_WARN_UNUSED_VARIABLE = YES;
				IPHONEOS_DEPLOYMENT_TARGET = 9.1;
				MTL_ENABLE_DEBUG_INFO = YES;
				ONLY_ACTIVE_ARCH = YES;
				SDKROOT = iphoneos;
			};
			name = Debug;
		};
		E2D5D8E31BE7A76F00089DF7 /* Release */ = {
			isa = XCBuildConfiguration;
			buildSettings = {
				ALWAYS_SEARCH_USER_PATHS = NO;
				CLANG_CXX_LANGUAGE_STANDARD = "gnu++0x";
				CLANG_CXX_LIBRARY = "libc++";
				CLANG_ENABLE_MODULES = YES;
				CLANG_ENABLE_OBJC_ARC = YES;
				CLANG_WARN_BOOL_CONVERSION = YES;
				CLANG_WARN_CONSTANT_CONVERSION = YES;
				CLANG_WARN_DIRECT_OBJC_ISA_USAGE = YES_ERROR;
				CLANG_WARN_EMPTY_BODY = YES;
				CLANG_WARN_ENUM_CONVERSION = YES;
				CLANG_WARN_INT_CONVERSION = YES;
				CLANG_WARN_OBJC_ROOT_CLASS = YES_ERROR;
				CLANG_WARN_UNREACHABLE_CODE = YES;
				CLANG_WARN__DUPLICATE_METHOD_MATCH = YES;
				"CODE_SIGN_IDENTITY[sdk=iphoneos*]" = "iPhone Developer";
				COPY_PHASE_STRIP = NO;
				DEBUG_INFORMATION_FORMAT = "dwarf-with-dsym";
				ENABLE_NS_ASSERTIONS = NO;
				ENABLE_STRICT_OBJC_MSGSEND = YES;
				GCC_C_LANGUAGE_STANDARD = gnu99;
				GCC_NO_COMMON_BLOCKS = YES;
				GCC_WARN_64_TO_32_BIT_CONVERSION = YES;
				GCC_WARN_ABOUT_RETURN_TYPE = YES_ERROR;
				GCC_WARN_UNDECLARED_SELECTOR = YES;
				GCC_WARN_UNINITIALIZED_AUTOS = YES_AGGRESSIVE;
				GCC_WARN_UNUSED_FUNCTION = YES;
				GCC_WARN_UNUSED_VARIABLE = YES;
				IPHONEOS_DEPLOYMENT_TARGET = 9.1;
				MTL_ENABLE_DEBUG_INFO = NO;
				SDKROOT = iphoneos;
				VALIDATE_PRODUCT = YES;
			};
			name = Release;
		};
		E2D5D8E51BE7A76F00089DF7 /* Debug */ = {
			isa = XCBuildConfiguration;
			baseConfigurationReference = DE8703085AAFC3D294B8BAB3 /* Pods.debug.xcconfig */;
			buildSettings = {
				ASSETCATALOG_COMPILER_APPICON_NAME = AppIcon;
				CODE_SIGN_IDENTITY = "iPhone Developer";
				"CODE_SIGN_IDENTITY[sdk=iphoneos*]" = "iPhone Developer";
				INFOPLIST_FILE = BezierPaths/Info.plist;
				LD_RUNPATH_SEARCH_PATHS = "$(inherited) @executable_path/Frameworks";
				PRODUCT_BUNDLE_IDENTIFIER = claire.davis.BezierPaths;
				PRODUCT_NAME = "$(TARGET_NAME)";
				PROVISIONING_PROFILE = "";
			};
			name = Debug;
		};
		E2D5D8E61BE7A76F00089DF7 /* Release */ = {
			isa = XCBuildConfiguration;
			baseConfigurationReference = 925EA24E488D645F4EF1617D /* Pods.release.xcconfig */;
			buildSettings = {
				ASSETCATALOG_COMPILER_APPICON_NAME = AppIcon;
				CODE_SIGN_IDENTITY = "iPhone Developer";
				"CODE_SIGN_IDENTITY[sdk=iphoneos*]" = "iPhone Developer";
				INFOPLIST_FILE = BezierPaths/Info.plist;
				LD_RUNPATH_SEARCH_PATHS = "$(inherited) @executable_path/Frameworks";
				PRODUCT_BUNDLE_IDENTIFIER = claire.davis.BezierPaths;
				PRODUCT_NAME = "$(TARGET_NAME)";
				PROVISIONING_PROFILE = "";
			};
			name = Release;
		};
		E2D5D8E81BE7A76F00089DF7 /* Debug */ = {
			isa = XCBuildConfiguration;
			buildSettings = {
				BUNDLE_LOADER = "$(TEST_HOST)";
				INFOPLIST_FILE = BezierPathsTests/Info.plist;
				LD_RUNPATH_SEARCH_PATHS = "$(inherited) @executable_path/Frameworks @loader_path/Frameworks";
				PRODUCT_BUNDLE_IDENTIFIER = claire.davis.BezierPathsTests;
				PRODUCT_NAME = "$(TARGET_NAME)";
				TEST_HOST = "$(BUILT_PRODUCTS_DIR)/BezierPaths.app/BezierPaths";
			};
			name = Debug;
		};
		E2D5D8E91BE7A76F00089DF7 /* Release */ = {
			isa = XCBuildConfiguration;
			buildSettings = {
				BUNDLE_LOADER = "$(TEST_HOST)";
				INFOPLIST_FILE = BezierPathsTests/Info.plist;
				LD_RUNPATH_SEARCH_PATHS = "$(inherited) @executable_path/Frameworks @loader_path/Frameworks";
				PRODUCT_BUNDLE_IDENTIFIER = claire.davis.BezierPathsTests;
				PRODUCT_NAME = "$(TARGET_NAME)";
				TEST_HOST = "$(BUILT_PRODUCTS_DIR)/BezierPaths.app/BezierPaths";
			};
			name = Release;
		};
		E2D5D8EB1BE7A76F00089DF7 /* Debug */ = {
			isa = XCBuildConfiguration;
			buildSettings = {
				INFOPLIST_FILE = BezierPathsUITests/Info.plist;
				LD_RUNPATH_SEARCH_PATHS = "$(inherited) @executable_path/Frameworks @loader_path/Frameworks";
				PRODUCT_BUNDLE_IDENTIFIER = claire.davis.BezierPathsUITests;
				PRODUCT_NAME = "$(TARGET_NAME)";
				TEST_TARGET_NAME = BezierPaths;
				USES_XCTRUNNER = YES;
			};
			name = Debug;
		};
		E2D5D8EC1BE7A76F00089DF7 /* Release */ = {
			isa = XCBuildConfiguration;
			buildSettings = {
				INFOPLIST_FILE = BezierPathsUITests/Info.plist;
				LD_RUNPATH_SEARCH_PATHS = "$(inherited) @executable_path/Frameworks @loader_path/Frameworks";
				PRODUCT_BUNDLE_IDENTIFIER = claire.davis.BezierPathsUITests;
				PRODUCT_NAME = "$(TARGET_NAME)";
				TEST_TARGET_NAME = BezierPaths;
				USES_XCTRUNNER = YES;
			};
			name = Release;
		};
/* End XCBuildConfiguration section */

/* Begin XCConfigurationList section */
		E2D5D8B21BE7A76E00089DF7 /* Build configuration list for PBXProject "BezierPaths" */ = {
			isa = XCConfigurationList;
			buildConfigurations = (
				E2D5D8E21BE7A76F00089DF7 /* Debug */,
				E2D5D8E31BE7A76F00089DF7 /* Release */,
			);
			defaultConfigurationIsVisible = 0;
			defaultConfigurationName = Release;
		};
		E2D5D8E41BE7A76F00089DF7 /* Build configuration list for PBXNativeTarget "BezierPaths" */ = {
			isa = XCConfigurationList;
			buildConfigurations = (
				E2D5D8E51BE7A76F00089DF7 /* Debug */,
				E2D5D8E61BE7A76F00089DF7 /* Release */,
			);
			defaultConfigurationIsVisible = 0;
			defaultConfigurationName = Release;
		};
		E2D5D8E71BE7A76F00089DF7 /* Build configuration list for PBXNativeTarget "BezierPathsTests" */ = {
			isa = XCConfigurationList;
			buildConfigurations = (
				E2D5D8E81BE7A76F00089DF7 /* Debug */,
				E2D5D8E91BE7A76F00089DF7 /* Release */,
			);
			defaultConfigurationIsVisible = 0;
			defaultConfigurationName = Release;
		};
		E2D5D8EA1BE7A76F00089DF7 /* Build configuration list for PBXNativeTarget "BezierPathsUITests" */ = {
			isa = XCConfigurationList;
			buildConfigurations = (
				E2D5D8EB1BE7A76F00089DF7 /* Debug */,
				E2D5D8EC1BE7A76F00089DF7 /* Release */,
			);
			defaultConfigurationIsVisible = 0;
			defaultConfigurationName = Release;
		};
/* End XCConfigurationList section */
	};
	rootObject = E2D5D8AF1BE7A76D00089DF7 /* Project object */;
}
